
Microsoft Visual Studio Solution File, Format Version 12.00
# Visual Studio Version 17
VisualStudioVersion = 17.12.35527.113
MinimumVisualStudioVersion = 10.0.40219.1
Project("{FAE04EC0-301F-11D3-BF4B-00C04F79EFBC}") = "EmployeeManagementSystem", "EmployeeManagementSystem\EmployeeManagementSystem\EmployeeManagementSystem.csproj", "{E0A94568-5CA0-4161-98ED-DD4D986A32D5}"
EndProject
Project("{FAE04EC0-301F-11D3-BF4B-00C04F79EFBC}") = "EmployeeManagementSystem.Test", "EmployeeManagementSystem.Test\EmployeeManagementSystem.Test.csproj", "{185DB4B1-4E06-4071-B36F-8DE5644FC115}"
EndProject
Project("{2150E333-8FDC-42A3-9474-1A3956D46DE8}") = "Solution Items", "Solution Items", "{8AD44D10-83B0-4BD9-9D05-CAFB2F89E0FE}"
	ProjectSection(SolutionItems) = preProject
		README.md = README.md
	EndProjectSection
EndProject
Global
	GlobalSection(SolutionConfigurationPlatforms) = preSolution
		Debug|Any CPU = Debug|Any CPU
		Release|Any CPU = Release|Any CPU
	EndGlobalSection
	GlobalSection(ProjectConfigurationPlatforms) = postSolution
		{E0A94568-5CA0-4161-98ED-DD4D986A32D5}.Debug|Any CPU.ActiveCfg = Debug|Any CPU
		{E0A94568-5CA0-4161-98ED-DD4D986A32D5}.Debug|Any CPU.Build.0 = Debug|Any CPU
		{E0A94568-5CA0-4161-98ED-DD4D986A32D5}.Release|Any CPU.ActiveCfg = Release|Any CPU
		{E0A94568-5CA0-4161-98ED-DD4D986A32D5}.Release|Any CPU.Build.0 = Release|Any CPU
		{185DB4B1-4E06-4071-B36F-8DE5644FC115}.Debug|Any CPU.ActiveCfg = Debug|Any CPU
		{185DB4B1-4E06-4071-B36F-8DE5644FC115}.Debug|Any CPU.Build.0 = Debug|Any CPU
		{185DB4B1-4E06-4071-B36F-8DE5644FC115}.Release|Any CPU.ActiveCfg = Release|Any CPU
		{185DB4B1-4E06-4071-B36F-8DE5644FC115}.Release|Any CPU.Build.0 = Release|Any CPU
	EndGlobalSection
	GlobalSection(SolutionProperties) = preSolution
		HideSolutionNode = FALSE
	EndGlobalSection
EndGlobal
